
Microsoft Visual Studio Solution File, Format Version 12.00
# Visual Studio Version 16
VisualStudioVersion = 16.0.29102.190
MinimumVisualStudioVersion = 10.0.40219.1
Project("{888888A0-9F3D-457C-B088-3A5042F75D52}") = "gallows", "gallows\gallows.pyproj", "{4774D995-E239-406A-B4B6-7E6191D7E2B3}"
EndProject
Global
	GlobalSection(SolutionConfigurationPlatforms) = preSolution
		Debug|Any CPU = Debug|Any CPU
		Release|Any CPU = Release|Any CPU
	EndGlobalSection
	GlobalSection(ProjectConfigurationPlatforms) = postSolution
		{4774D995-E239-406A-B4B6-7E6191D7E2B3}.Debug|Any CPU.ActiveCfg = Debug|Any CPU
		{4774D995-E239-406A-B4B6-7E6191D7E2B3}.Release|Any CPU.ActiveCfg = Release|Any CPU
	EndGlobalSection
	GlobalSection(SolutionProperties) = preSolution
		HideSolutionNode = FALSE
	EndGlobalSection
	GlobalSection(ExtensibilityGlobals) = postSolution
		SolutionGuid = {013061B7-E093-45FC-B3F3-60CD31277F81}
	EndGlobalSection
EndGlobal
